
Microsoft Visual Studio Solution File, Format Version 12.00
# Visual Studio Version 17
VisualStudioVersion = 17.5.33414.496
MinimumVisualStudioVersion = 10.0.40219.1
Project("{FAE04EC0-301F-11D3-BF4B-00C04F79EFBC}") = "QuoteCanvasGenAPI", "QuoteCanvasGenAPI.csproj", "{D9E95D9D-64E6-42D9-908D-36A4BD7FACBF}"
EndProject
Global
	GlobalSection(SolutionConfigurationPlatforms) = preSolution
		Debug|Any CPU = Debug|Any CPU
		Release|Any CPU = Release|Any CPU
	EndGlobalSection
	GlobalSection(ProjectConfigurationPlatforms) = postSolution
		{D9E95D9D-64E6-42D9-908D-36A4BD7FACBF}.Debug|Any CPU.ActiveCfg = Debug|Any CPU
		{D9E95D9D-64E6-42D9-908D-36A4BD7FACBF}.Debug|Any CPU.Build.0 = Debug|Any CPU
		{D9E95D9D-64E6-42D9-908D-36A4BD7FACBF}.Release|Any CPU.ActiveCfg = Release|Any CPU
		{D9E95D9D-64E6-42D9-908D-36A4BD7FACBF}.Release|Any CPU.Build.0 = Release|Any CPU
	EndGlobalSection
	GlobalSection(SolutionProperties) = preSolution
		HideSolutionNode = FALSE
	EndGlobalSection
	GlobalSection(ExtensibilityGlobals) = postSolution
		SolutionGuid = {522E7C8A-C469-477F-8EFE-7D14A5180AFD}
	EndGlobalSection
EndGlobal
